
Microsoft Visual Studio Solution File, Format Version 12.00
Project("{FAE04EC0-301F-11D3-BF4B-00C04F79EFBC}") = "WebApi", "WebApi\WebApi.csproj", "{14875A9B-C1C9-43BE-9FCC-C3B858DF6204}"
EndProject
Project("{FAE04EC0-301F-11D3-BF4B-00C04F79EFBC}") = "Application", "Application\Application.csproj", "{80CE5BA5-3269-4C33-86D9-317DD1C0922F}"
EndProject
Project("{FAE04EC0-301F-11D3-BF4B-00C04F79EFBC}") = "Domain", "Domain\Domain.csproj", "{FDE3D1C2-5952-448E-B77B-AEFDA65B8AAB}"
EndProject
Project("{FAE04EC0-301F-11D3-BF4B-00C04F79EFBC}") = "Infrastructure", "Infrastructure\Infrastructure.csproj", "{283E4797-8F7B-4531-AAD1-ED67BABA10E0}"
EndProject
Project("{FAE04EC0-301F-11D3-BF4B-00C04F79EFBC}") = "Persistence", "Persistence\Persistence.csproj", "{32EBD08F-16AD-4DD7-BCE8-0248AB2F9779}"
EndProject
Project("{2150E333-8FDC-42A3-9474-1A3956D46DE8}") = "CorePackages", "CorePackages", "{78031DAE-9455-44AA-B3AF-107326707E24}"
EndProject
Project("{FAE04EC0-301F-11D3-BF4B-00C04F79EFBC}") = "Core.Persistence", "Core.Persistence\Core.Persistence.csproj", "{E4C43190-9269-4A49-B2F4-97C7284A03AB}"
EndProject
Global
	GlobalSection(SolutionConfigurationPlatforms) = preSolution
		Debug|Any CPU = Debug|Any CPU
		Release|Any CPU = Release|Any CPU
	EndGlobalSection
	GlobalSection(ProjectConfigurationPlatforms) = postSolution
		{14875A9B-C1C9-43BE-9FCC-C3B858DF6204}.Debug|Any CPU.ActiveCfg = Debug|Any CPU
		{14875A9B-C1C9-43BE-9FCC-C3B858DF6204}.Debug|Any CPU.Build.0 = Debug|Any CPU
		{14875A9B-C1C9-43BE-9FCC-C3B858DF6204}.Release|Any CPU.ActiveCfg = Release|Any CPU
		{14875A9B-C1C9-43BE-9FCC-C3B858DF6204}.Release|Any CPU.Build.0 = Release|Any CPU
		{80CE5BA5-3269-4C33-86D9-317DD1C0922F}.Debug|Any CPU.ActiveCfg = Debug|Any CPU
		{80CE5BA5-3269-4C33-86D9-317DD1C0922F}.Debug|Any CPU.Build.0 = Debug|Any CPU
		{80CE5BA5-3269-4C33-86D9-317DD1C0922F}.Release|Any CPU.ActiveCfg = Release|Any CPU
		{80CE5BA5-3269-4C33-86D9-317DD1C0922F}.Release|Any CPU.Build.0 = Release|Any CPU
		{FDE3D1C2-5952-448E-B77B-AEFDA65B8AAB}.Debug|Any CPU.ActiveCfg = Debug|Any CPU
		{FDE3D1C2-5952-448E-B77B-AEFDA65B8AAB}.Debug|Any CPU.Build.0 = Debug|Any CPU
		{FDE3D1C2-5952-448E-B77B-AEFDA65B8AAB}.Release|Any CPU.ActiveCfg = Release|Any CPU
		{FDE3D1C2-5952-448E-B77B-AEFDA65B8AAB}.Release|Any CPU.Build.0 = Release|Any CPU
		{283E4797-8F7B-4531-AAD1-ED67BABA10E0}.Debug|Any CPU.ActiveCfg = Debug|Any CPU
		{283E4797-8F7B-4531-AAD1-ED67BABA10E0}.Debug|Any CPU.Build.0 = Debug|Any CPU
		{283E4797-8F7B-4531-AAD1-ED67BABA10E0}.Release|Any CPU.ActiveCfg = Release|Any CPU
		{283E4797-8F7B-4531-AAD1-ED67BABA10E0}.Release|Any CPU.Build.0 = Release|Any CPU
		{32EBD08F-16AD-4DD7-BCE8-0248AB2F9779}.Debug|Any CPU.ActiveCfg = Debug|Any CPU
		{32EBD08F-16AD-4DD7-BCE8-0248AB2F9779}.Debug|Any CPU.Build.0 = Debug|Any CPU
		{32EBD08F-16AD-4DD7-BCE8-0248AB2F9779}.Release|Any CPU.ActiveCfg = Release|Any CPU
		{32EBD08F-16AD-4DD7-BCE8-0248AB2F9779}.Release|Any CPU.Build.0 = Release|Any CPU
		{E4C43190-9269-4A49-B2F4-97C7284A03AB}.Debug|Any CPU.ActiveCfg = Debug|Any CPU
		{E4C43190-9269-4A49-B2F4-97C7284A03AB}.Debug|Any CPU.Build.0 = Debug|Any CPU
		{E4C43190-9269-4A49-B2F4-97C7284A03AB}.Release|Any CPU.ActiveCfg = Release|Any CPU
		{E4C43190-9269-4A49-B2F4-97C7284A03AB}.Release|Any CPU.Build.0 = Release|Any CPU
	EndGlobalSection
	GlobalSection(NestedProjects) = preSolution
		{E4C43190-9269-4A49-B2F4-97C7284A03AB} = {78031DAE-9455-44AA-B3AF-107326707E24}
	EndGlobalSection
EndGlobal
